
Microsoft Visual Studio Solution File, Format Version 12.00
# Visual Studio Version 16
VisualStudioVersion = 16.0.30804.86
MinimumVisualStudioVersion = 10.0.40219.1
Project("{FAE04EC0-301F-11D3-BF4B-00C04F79EFBC}") = "RomeOverclock", "RomeOverclock\RomeOverclock.csproj", "{406481A7-4B4A-4A9C-B00D-8FB06AF7ED1E}"
EndProject
Project("{FAE04EC0-301F-11D3-BF4B-00C04F79EFBC}") = "RomeOverclockUnitTest", "RomeOverclockUnitTest\RomeOverclockUnitTest.csproj", "{69582369-DD8D-4E9E-BDEF-121FDFE0A556}"
EndProject
Global
	GlobalSection(SolutionConfigurationPlatforms) = preSolution
		Debug|Any CPU = Debug|Any CPU
		Release|Any CPU = Release|Any CPU
	EndGlobalSection
	GlobalSection(ProjectConfigurationPlatforms) = postSolution
		{406481A7-4B4A-4A9C-B00D-8FB06AF7ED1E}.Debug|Any CPU.ActiveCfg = Debug|Any CPU
		{406481A7-4B4A-4A9C-B00D-8FB06AF7ED1E}.Debug|Any CPU.Build.0 = Debug|Any CPU
		{406481A7-4B4A-4A9C-B00D-8FB06AF7ED1E}.Release|Any CPU.ActiveCfg = Release|Any CPU
		{406481A7-4B4A-4A9C-B00D-8FB06AF7ED1E}.Release|Any CPU.Build.0 = Release|Any CPU
		{69582369-DD8D-4E9E-BDEF-121FDFE0A556}.Debug|Any CPU.ActiveCfg = Debug|Any CPU
		{69582369-DD8D-4E9E-BDEF-121FDFE0A556}.Debug|Any CPU.Build.0 = Debug|Any CPU
		{69582369-DD8D-4E9E-BDEF-121FDFE0A556}.Release|Any CPU.ActiveCfg = Release|Any CPU
		{69582369-DD8D-4E9E-BDEF-121FDFE0A556}.Release|Any CPU.Build.0 = Release|Any CPU
	EndGlobalSection
	GlobalSection(SolutionProperties) = preSolution
		HideSolutionNode = FALSE
	EndGlobalSection
	GlobalSection(ExtensibilityGlobals) = postSolution
		SolutionGuid = {73574067-4493-42BC-8C72-FA6AFFAF0117}
	EndGlobalSection
EndGlobal
